
Microsoft Visual Studio Solution File, Format Version 12.00
# Visual Studio Version 17
VisualStudioVersion = 17.9.34526.213
MinimumVisualStudioVersion = 10.0.40219.1
Project("{FAE04EC0-301F-11D3-BF4B-00C04F79EFBC}") = "vault_thing", "vault_thing.csproj", "{82999336-8B73-4892-8F65-0395551660CF}"
EndProject
Global
	GlobalSection(SolutionConfigurationPlatforms) = preSolution
		Debug|Any CPU = Debug|Any CPU
		Release|Any CPU = Release|Any CPU
	EndGlobalSection
	GlobalSection(ProjectConfigurationPlatforms) = postSolution
		{82999336-8B73-4892-8F65-0395551660CF}.Debug|Any CPU.ActiveCfg = Debug|Any CPU
		{82999336-8B73-4892-8F65-0395551660CF}.Debug|Any CPU.Build.0 = Debug|Any CPU
		{82999336-8B73-4892-8F65-0395551660CF}.Release|Any CPU.ActiveCfg = Release|Any CPU
		{82999336-8B73-4892-8F65-0395551660CF}.Release|Any CPU.Build.0 = Release|Any CPU
	EndGlobalSection
	GlobalSection(SolutionProperties) = preSolution
		HideSolutionNode = FALSE
	EndGlobalSection
	GlobalSection(ExtensibilityGlobals) = postSolution
		SolutionGuid = {2530704C-816F-4A64-8114-65F01C6B40C2}
	EndGlobalSection
EndGlobal
